
Microsoft Visual Studio Solution File, Format Version 12.00
# Visual Studio 2013
VisualStudioVersion = 12.0.21005.1
MinimumVisualStudioVersion = 10.0.40219.1
Project("{8BC9CEB8-8B4A-11D0-8D11-00A0C91BC942}") = "将数组A中的内容和数组B中的内容进行交换", "将数组A中的内容和数组B中的内容进行交换\将数组A中的内容和数组B中的内容进行交换.vcxproj", "{D48559F6-2985-49BA-AA3D-B540E64ADD14}"
EndProject
Global
	GlobalSection(SolutionConfigurationPlatforms) = preSolution
		Debug|Win32 = Debug|Win32
		Release|Win32 = Release|Win32
	EndGlobalSection
	GlobalSection(ProjectConfigurationPlatforms) = postSolution
		{D48559F6-2985-49BA-AA3D-B540E64ADD14}.Debug|Win32.ActiveCfg = Debug|Win32
		{D48559F6-2985-49BA-AA3D-B540E64ADD14}.Debug|Win32.Build.0 = Debug|Win32
		{D48559F6-2985-49BA-AA3D-B540E64ADD14}.Release|Win32.ActiveCfg = Release|Win32
		{D48559F6-2985-49BA-AA3D-B540E64ADD14}.Release|Win32.Build.0 = Release|Win32
	EndGlobalSection
	GlobalSection(SolutionProperties) = preSolution
		HideSolutionNode = FALSE
	EndGlobalSection
EndGlobal
